
Microsoft Visual Studio Solution File, Format Version 12.00
# Visual Studio Version 16
VisualStudioVersion = 16.0.30114.105
MinimumVisualStudioVersion = 10.0.40219.1
Project("{FAE04EC0-301F-11D3-BF4B-00C04F79EFBC}") = "OPMS", "OPMS\OPMS.csproj", "{BA8901C8-45BA-4B54-A7AF-7C3DBDC186F6}"
EndProject
Global
	GlobalSection(SolutionConfigurationPlatforms) = preSolution
		Debug|Any CPU = Debug|Any CPU
		IIS|Any CPU = IIS|Any CPU
		Release|Any CPU = Release|Any CPU
	EndGlobalSection
	GlobalSection(ProjectConfigurationPlatforms) = postSolution
		{BA8901C8-45BA-4B54-A7AF-7C3DBDC186F6}.Debug|Any CPU.ActiveCfg = Debug|Any CPU
		{BA8901C8-45BA-4B54-A7AF-7C3DBDC186F6}.Debug|Any CPU.Build.0 = Debug|Any CPU
		{BA8901C8-45BA-4B54-A7AF-7C3DBDC186F6}.IIS|Any CPU.ActiveCfg = IIS|Any CPU
		{BA8901C8-45BA-4B54-A7AF-7C3DBDC186F6}.IIS|Any CPU.Build.0 = IIS|Any CPU
		{BA8901C8-45BA-4B54-A7AF-7C3DBDC186F6}.Release|Any CPU.ActiveCfg = Release|Any CPU
		{BA8901C8-45BA-4B54-A7AF-7C3DBDC186F6}.Release|Any CPU.Build.0 = Release|Any CPU
	EndGlobalSection
	GlobalSection(SolutionProperties) = preSolution
		HideSolutionNode = FALSE
	EndGlobalSection
	GlobalSection(ExtensibilityGlobals) = postSolution
		SolutionGuid = {82CB421C-D03D-47D8-A95A-A4E028976468}
	EndGlobalSection
EndGlobal
